// !$*UTF8*$!
{
	archiveVersion = 1;
	classes = {
	};
	objectVersion = 56;
	objects = {

/* Begin PBXBuildFile section */
		481C2E902C48667300AD5814 /* SearcheView.swift in Sources */ = {isa = PBXBuildFile; fileRef = 481C2E8F2C48667300AD5814 /* SearcheView.swift */; };
		483837A72C25DB5A00799F9F /* ThemesComponet.swift in Sources */ = {isa = PBXBuildFile; fileRef = 483837A62C25DB5A00799F9F /* ThemesComponet.swift */; };
		483B61CA2C0799F3002A5F70 /* Proyecto_ACApp.swift in Sources */ = {isa = PBXBuildFile; fileRef = 483B61C92C0799F3002A5F70 /* Proyecto_ACApp.swift */; };
		483B61CC2C0799F3002A5F70 /* ContentView.swift in Sources */ = {isa = PBXBuildFile; fileRef = 483B61CB2C0799F3002A5F70 /* ContentView.swift */; };
		483B61CE2C0799F6002A5F70 /* Assets.xcassets in Resources */ = {isa = PBXBuildFile; fileRef = 483B61CD2C0799F6002A5F70 /* Assets.xcassets */; };
		483B61D22C0799F6002A5F70 /* Preview Assets.xcassets in Resources */ = {isa = PBXBuildFile; fileRef = 483B61D12C0799F6002A5F70 /* Preview Assets.xcassets */; };
		483B61D92C079C17002A5F70 /* NetworkHelper.swift in Sources */ = {isa = PBXBuildFile; fileRef = 483B61D82C079C17002A5F70 /* NetworkHelper.swift */; };
		483B61DC2C079D02002A5F70 /* NetworkProtocols.swift in Sources */ = {isa = PBXBuildFile; fileRef = 483B61DB2C079D02002A5F70 /* NetworkProtocols.swift */; };
		483B61DE2C07A62C002A5F70 /* NetworkError.swift in Sources */ = {isa = PBXBuildFile; fileRef = 483B61DD2C07A62C002A5F70 /* NetworkError.swift */; };
		485AD7142C1A58E300F36677 /* MangaModel.swift in Sources */ = {isa = PBXBuildFile; fileRef = 485AD7132C1A58E300F36677 /* MangaModel.swift */; };
		485AD7172C1A5E0E00F36677 /* MangasViewModel.swift in Sources */ = {isa = PBXBuildFile; fileRef = 485AD7162C1A5E0E00F36677 /* MangasViewModel.swift */; };
		485AD71B2C1A856E00F36677 /* MangaComponet.swift in Sources */ = {isa = PBXBuildFile; fileRef = 485AD71A2C1A856E00F36677 /* MangaComponet.swift */; };
		485AD7222C1D096400F36677 /* UserModel.swift in Sources */ = {isa = PBXBuildFile; fileRef = 485AD7212C1D096400F36677 /* UserModel.swift */; };
		485D1BFB2C3C72B4004F6ABB /* TabBar.swift in Sources */ = {isa = PBXBuildFile; fileRef = 485D1BFA2C3C72B4004F6ABB /* TabBar.swift */; };
		485D1BFD2C3C7DAB004F6ABB /* FavoritesVeiw.swift in Sources */ = {isa = PBXBuildFile; fileRef = 485D1BFC2C3C7DAB004F6ABB /* FavoritesVeiw.swift */; };
		485D1BFF2C3CC0BD004F6ABB /* Launch Screen.storyboard in Resources */ = {isa = PBXBuildFile; fileRef = 485D1BFE2C3CC0BD004F6ABB /* Launch Screen.storyboard */; };
		485D1C012C3F1B25004F6ABB /* SearcheAndFilterBar.swift in Sources */ = {isa = PBXBuildFile; fileRef = 485D1C002C3F1B25004F6ABB /* SearcheAndFilterBar.swift */; };
		486C605B2C56FC0A00042D63 /* UserViewModel.swift in Sources */ = {isa = PBXBuildFile; fileRef = 486C605A2C56FC0A00042D63 /* UserViewModel.swift */; };
		486C605F2C610C2900042D63 /* RegiesterView.swift in Sources */ = {isa = PBXBuildFile; fileRef = 486C605E2C610C2900042D63 /* RegiesterView.swift */; };
		48709FFC2C7BD9A00095DDCA /* AuthorListName.swift in Sources */ = {isa = PBXBuildFile; fileRef = 48709FFB2C7BD9A00095DDCA /* AuthorListName.swift */; };
		48709FFE2C7BEEDC0095DDCA /* AccountView.swift in Sources */ = {isa = PBXBuildFile; fileRef = 48709FFD2C7BEEDC0095DDCA /* AccountView.swift */; };
		48795BCC2C650CC600AC8EDD /* UserView.swift in Sources */ = {isa = PBXBuildFile; fileRef = 48795BCB2C650CC600AC8EDD /* UserView.swift */; };
		48BEF2942C2B9B0A006E2177 /* HomeVeiw.swift in Sources */ = {isa = PBXBuildFile; fileRef = 48BEF2932C2B9B0A006E2177 /* HomeVeiw.swift */; };
		48BEF2962C2C4A89006E2177 /* LoginView.swift in Sources */ = {isa = PBXBuildFile; fileRef = 48BEF2952C2C4A89006E2177 /* LoginView.swift */; };
		48BEF2982C2C4A9E006E2177 /* LogViewModel.swift in Sources */ = {isa = PBXBuildFile; fileRef = 48BEF2972C2C4A9E006E2177 /* LogViewModel.swift */; };
		48BEF29A2C30B56B006E2177 /* Extensions.swift in Sources */ = {isa = PBXBuildFile; fileRef = 48BEF2992C30B56B006E2177 /* Extensions.swift */; };
		48C113A82C5191C8008AADCE /* MangaListComponet.swift in Sources */ = {isa = PBXBuildFile; fileRef = 48C113A72C5191C8008AADCE /* MangaListComponet.swift */; };
		48CD10812C335CF7009F56F4 /* ExtesionHomeView.swift in Sources */ = {isa = PBXBuildFile; fileRef = 48CD10802C335CF7009F56F4 /* ExtesionHomeView.swift */; };
		48CD10842C355F64009F56F4 /* ListasSimples.swift in Sources */ = {isa = PBXBuildFile; fileRef = 48CD10832C355F64009F56F4 /* ListasSimples.swift */; };
/* End PBXBuildFile section */

/* Begin PBXFileReference section */
		481C2E8F2C48667300AD5814 /* SearcheView.swift */ = {isa = PBXFileReference; lastKnownFileType = sourcecode.swift; path = SearcheView.swift; sourceTree = "<group>"; };
		483837A62C25DB5A00799F9F /* ThemesComponet.swift */ = {isa = PBXFileReference; lastKnownFileType = sourcecode.swift; path = ThemesComponet.swift; sourceTree = "<group>"; };
		483B61C62C0799F3002A5F70 /* Proyecto AC.app */ = {isa = PBXFileReference; explicitFileType = wrapper.application; includeInIndex = 0; path = "Proyecto AC.app"; sourceTree = BUILT_PRODUCTS_DIR; };
		483B61C92C0799F3002A5F70 /* Proyecto_ACApp.swift */ = {isa = PBXFileReference; lastKnownFileType = sourcecode.swift; path = Proyecto_ACApp.swift; sourceTree = "<group>"; };
		483B61CB2C0799F3002A5F70 /* ContentView.swift */ = {isa = PBXFileReference; lastKnownFileType = sourcecode.swift; path = ContentView.swift; sourceTree = "<group>"; };
		483B61CD2C0799F6002A5F70 /* Assets.xcassets */ = {isa = PBXFileReference; lastKnownFileType = folder.assetcatalog; path = Assets.xcassets; sourceTree = "<group>"; };
		483B61CF2C0799F6002A5F70 /* Proyecto_AC.entitlements */ = {isa = PBXFileReference; lastKnownFileType = text.plist.entitlements; path = Proyecto_AC.entitlements; sourceTree = "<group>"; };
		483B61D12C0799F6002A5F70 /* Preview Assets.xcassets */ = {isa = PBXFileReference; lastKnownFileType = folder.assetcatalog; path = "Preview Assets.xcassets"; sourceTree = "<group>"; };
		483B61D82C079C17002A5F70 /* NetworkHelper.swift */ = {isa = PBXFileReference; lastKnownFileType = sourcecode.swift; path = NetworkHelper.swift; sourceTree = "<group>"; };
		483B61DB2C079D02002A5F70 /* NetworkProtocols.swift */ = {isa = PBXFileReference; lastKnownFileType = sourcecode.swift; path = NetworkProtocols.swift; sourceTree = "<group>"; };
		483B61DD2C07A62C002A5F70 /* NetworkError.swift */ = {isa = PBXFileReference; lastKnownFileType = sourcecode.swift; path = NetworkError.swift; sourceTree = "<group>"; };
		485AD7132C1A58E300F36677 /* MangaModel.swift */ = {isa = PBXFileReference; lastKnownFileType = sourcecode.swift; path = MangaModel.swift; sourceTree = "<group>"; };
		485AD7162C1A5E0E00F36677 /* MangasViewModel.swift */ = {isa = PBXFileReference; lastKnownFileType = sourcecode.swift; path = MangasViewModel.swift; sourceTree = "<group>"; };
		485AD71A2C1A856E00F36677 /* MangaComponet.swift */ = {isa = PBXFileReference; lastKnownFileType = sourcecode.swift; path = MangaComponet.swift; sourceTree = "<group>"; };
		485AD7212C1D096400F36677 /* UserModel.swift */ = {isa = PBXFileReference; lastKnownFileType = sourcecode.swift; path = UserModel.swift; sourceTree = "<group>"; };
		485D1BFA2C3C72B4004F6ABB /* TabBar.swift */ = {isa = PBXFileReference; lastKnownFileType = sourcecode.swift; path = TabBar.swift; sourceTree = "<group>"; };
		485D1BFC2C3C7DAB004F6ABB /* FavoritesVeiw.swift */ = {isa = PBXFileReference; lastKnownFileType = sourcecode.swift; path = FavoritesVeiw.swift; sourceTree = "<group>"; };
		485D1BFE2C3CC0BD004F6ABB /* Launch Screen.storyboard */ = {isa = PBXFileReference; lastKnownFileType = file.storyboard; path = "Launch Screen.storyboard"; sourceTree = "<group>"; };
		485D1C002C3F1B25004F6ABB /* SearcheAndFilterBar.swift */ = {isa = PBXFileReference; lastKnownFileType = sourcecode.swift; path = SearcheAndFilterBar.swift; sourceTree = "<group>"; };
		486C605A2C56FC0A00042D63 /* UserViewModel.swift */ = {isa = PBXFileReference; lastKnownFileType = sourcecode.swift; path = UserViewModel.swift; sourceTree = "<group>"; };
		486C605D2C5B933700042D63 /* Proyecto ACRelease.entitlements */ = {isa = PBXFileReference; fileEncoding = 4; lastKnownFileType = text.plist.entitlements; name = "Proyecto ACRelease.entitlements"; path = "../../../../.Trash/Proyecto ACRelease.entitlements"; sourceTree = "<group>"; };
		486C605E2C610C2900042D63 /* RegiesterView.swift */ = {isa = PBXFileReference; lastKnownFileType = sourcecode.swift; path = RegiesterView.swift; sourceTree = "<group>"; };
		48709FFB2C7BD9A00095DDCA /* AuthorListName.swift */ = {isa = PBXFileReference; lastKnownFileType = sourcecode.swift; path = AuthorListName.swift; sourceTree = "<group>"; };
		48709FFD2C7BEEDC0095DDCA /* AccountView.swift */ = {isa = PBXFileReference; lastKnownFileType = sourcecode.swift; path = AccountView.swift; sourceTree = "<group>"; };
		48795BCB2C650CC600AC8EDD /* UserView.swift */ = {isa = PBXFileReference; lastKnownFileType = sourcecode.swift; path = UserView.swift; sourceTree = "<group>"; };
		48BEF2932C2B9B0A006E2177 /* HomeVeiw.swift */ = {isa = PBXFileReference; lastKnownFileType = sourcecode.swift; path = HomeVeiw.swift; sourceTree = "<group>"; };
		48BEF2952C2C4A89006E2177 /* LoginView.swift */ = {isa = PBXFileReference; lastKnownFileType = sourcecode.swift; lineEnding = 0; path = LoginView.swift; sourceTree = "<group>"; usesTabs = 0; };
		48BEF2972C2C4A9E006E2177 /* LogViewModel.swift */ = {isa = PBXFileReference; lastKnownFileType = sourcecode.swift; path = LogViewModel.swift; sourceTree = "<group>"; };
		48BEF2992C30B56B006E2177 /* Extensions.swift */ = {isa = PBXFileReference; lastKnownFileType = sourcecode.swift; path = Extensions.swift; sourceTree = "<group>"; };
		48C113A72C5191C8008AADCE /* MangaListComponet.swift */ = {isa = PBXFileReference; lastKnownFileType = sourcecode.swift; path = MangaListComponet.swift; sourceTree = "<group>"; };
		48CD10802C335CF7009F56F4 /* ExtesionHomeView.swift */ = {isa = PBXFileReference; lastKnownFileType = sourcecode.swift; path = ExtesionHomeView.swift; sourceTree = "<group>"; };
		48CD10832C355F64009F56F4 /* ListasSimples.swift */ = {isa = PBXFileReference; lastKnownFileType = sourcecode.swift; path = ListasSimples.swift; sourceTree = "<group>"; };
/* End PBXFileReference section */

/* Begin PBXFrameworksBuildPhase section */
		483B61C32C0799F3002A5F70 /* Frameworks */ = {
			isa = PBXFrameworksBuildPhase;
			buildActionMask = 2147483647;
			files = (
			);
			runOnlyForDeploymentPostprocessing = 0;
		};
/* End PBXFrameworksBuildPhase section */

/* Begin PBXGroup section */
		483B61BD2C0799F3002A5F70 = {
			isa = PBXGroup;
			children = (
				485D1BFE2C3CC0BD004F6ABB /* Launch Screen.storyboard */,
				483B61C82C0799F3002A5F70 /* Proyecto AC */,
				483B61C72C0799F3002A5F70 /* Products */,
			);
			sourceTree = "<group>";
		};
		483B61C72C0799F3002A5F70 /* Products */ = {
			isa = PBXGroup;
			children = (
				483B61C62C0799F3002A5F70 /* Proyecto AC.app */,
			);
			name = Products;
			sourceTree = "<group>";
		};
		483B61C82C0799F3002A5F70 /* Proyecto AC */ = {
			isa = PBXGroup;
			children = (
				486C605D2C5B933700042D63 /* Proyecto ACRelease.entitlements */,
				483B61C92C0799F3002A5F70 /* Proyecto_ACApp.swift */,
				485D1BFA2C3C72B4004F6ABB /* TabBar.swift */,
				483B61E02C0BB8B0002A5F70 /* App */,
				48CD10822C33890F009F56F4 /* Extensiones */,
				483B61E12C0BB8D6002A5F70 /* Data */,
				483B61DF2C0BB8A1002A5F70 /* Models */,
				483B61DA2C079CD1002A5F70 /* Protocolos */,
				483B61CD2C0799F6002A5F70 /* Assets.xcassets */,
				483B61CF2C0799F6002A5F70 /* Proyecto_AC.entitlements */,
				483B61D02C0799F6002A5F70 /* Preview Content */,
			);
			path = "Proyecto AC";
			sourceTree = "<group>";
		};
		483B61D02C0799F6002A5F70 /* Preview Content */ = {
			isa = PBXGroup;
			children = (
				483B61D12C0799F6002A5F70 /* Preview Assets.xcassets */,
			);
			path = "Preview Content";
			sourceTree = "<group>";
		};
		483B61DA2C079CD1002A5F70 /* Protocolos */ = {
			isa = PBXGroup;
			children = (
				483B61DB2C079D02002A5F70 /* NetworkProtocols.swift */,
			);
			path = Protocolos;
			sourceTree = "<group>";
		};
		483B61DF2C0BB8A1002A5F70 /* Models */ = {
			isa = PBXGroup;
			children = (
				485AD7132C1A58E300F36677 /* MangaModel.swift */,
				485AD7212C1D096400F36677 /* UserModel.swift */,
			);
			path = Models;
			sourceTree = "<group>";
		};
		483B61E02C0BB8B0002A5F70 /* App */ = {
			isa = PBXGroup;
			children = (
				485AD7152C1A5DE200F36677 /* ViewModels */,
				485AD7182C1A853900F36677 /* View */,
			);
			path = App;
			sourceTree = "<group>";
		};
		483B61E12C0BB8D6002A5F70 /* Data */ = {
			isa = PBXGroup;
			children = (
				483B61D82C079C17002A5F70 /* NetworkHelper.swift */,
				483B61DD2C07A62C002A5F70 /* NetworkError.swift */,
			);
			path = Data;
			sourceTree = "<group>";
		};
		485AD7152C1A5DE200F36677 /* ViewModels */ = {
			isa = PBXGroup;
			children = (
				48BEF2972C2C4A9E006E2177 /* LogViewModel.swift */,
				485AD7162C1A5E0E00F36677 /* MangasViewModel.swift */,
				486C605A2C56FC0A00042D63 /* UserViewModel.swift */,
			);
			path = ViewModels;
			sourceTree = "<group>";
		};
		485AD7182C1A853900F36677 /* View */ = {
			isa = PBXGroup;
			children = (
				48709FFB2C7BD9A00095DDCA /* AuthorListName.swift */,
				483B61CB2C0799F3002A5F70 /* ContentView.swift */,
				485AD7232C1D1DEC00F36677 /* Buscador */,
				485AD7202C1D08BC00F36677 /* Accout */,
				485AD71F2C1D08AC00F36677 /* Favorites */,
				485AD71E2C1D08A400F36677 /* Home */,
			);
			path = View;
			sourceTree = "<group>";
		};
		485AD7192C1A854700F36677 /* componets */ = {
			isa = PBXGroup;
			children = (
				485AD71A2C1A856E00F36677 /* MangaComponet.swift */,
				483837A62C25DB5A00799F9F /* ThemesComponet.swift */,
				48CD10832C355F64009F56F4 /* ListasSimples.swift */,
				48C113A72C5191C8008AADCE /* MangaListComponet.swift */,
			);
			path = componets;
			sourceTree = "<group>";
		};
		485AD71E2C1D08A400F36677 /* Home */ = {
			isa = PBXGroup;
			children = (
				48BEF2932C2B9B0A006E2177 /* HomeVeiw.swift */,
				48CD10802C335CF7009F56F4 /* ExtesionHomeView.swift */,
			);
			path = Home;
			sourceTree = "<group>";
		};
		485AD71F2C1D08AC00F36677 /* Favorites */ = {
			isa = PBXGroup;
			children = (
				485D1BFC2C3C7DAB004F6ABB /* FavoritesVeiw.swift */,
			);
			path = Favorites;
			sourceTree = "<group>";
		};
		485AD7202C1D08BC00F36677 /* Accout */ = {
			isa = PBXGroup;
			children = (
				486C60602C61809500042D63 /* log */,
				48795BCB2C650CC600AC8EDD /* UserView.swift */,
				48709FFD2C7BEEDC0095DDCA /* AccountView.swift */,
			);
			path = Accout;
			sourceTree = "<group>";
		};
		485AD7232C1D1DEC00F36677 /* Buscador */ = {
			isa = PBXGroup;
			children = (
				481C2E8F2C48667300AD5814 /* SearcheView.swift */,
				485AD7242C1D1E1900F36677 /* filtro */,
			);
			path = Buscador;
			sourceTree = "<group>";
		};
		485AD7242C1D1E1900F36677 /* filtro */ = {
			isa = PBXGroup;
			children = (
				485D1C002C3F1B25004F6ABB /* SearcheAndFilterBar.swift */,
			);
			path = filtro;
			sourceTree = "<group>";
		};
		486C60602C61809500042D63 /* log */ = {
			isa = PBXGroup;
			children = (
				48BEF2952C2C4A89006E2177 /* LoginView.swift */,
				486C605E2C610C2900042D63 /* RegiesterView.swift */,
			);
			path = log;
			sourceTree = "<group>";
		};
		48CD10822C33890F009F56F4 /* Extensiones */ = {
			isa = PBXGroup;
			children = (
				485AD7192C1A854700F36677 /* componets */,
				48BEF2992C30B56B006E2177 /* Extensions.swift */,
			);
			path = Extensiones;
			sourceTree = "<group>";
		};
/* End PBXGroup section */

/* Begin PBXNativeTarget section */
		483B61C52C0799F3002A5F70 /* Proyecto AC */ = {
			isa = PBXNativeTarget;
			buildConfigurationList = 483B61D52C0799F6002A5F70 /* Build configuration list for PBXNativeTarget "Proyecto AC" */;
			buildPhases = (
				483B61C22C0799F3002A5F70 /* Sources */,
				483B61C32C0799F3002A5F70 /* Frameworks */,
				483B61C42C0799F3002A5F70 /* Resources */,
			);
			buildRules = (
			);
			dependencies = (
			);
			name = "Proyecto AC";
			productName = "Proyecto AC";
			productReference = 483B61C62C0799F3002A5F70 /* Proyecto AC.app */;
			productType = "com.apple.product-type.application";
		};
/* End PBXNativeTarget section */

/* Begin PBXProject section */
		483B61BE2C0799F3002A5F70 /* Project object */ = {
			isa = PBXProject;
			attributes = {
				BuildIndependentTargetsInParallel = 1;
				LastSwiftUpdateCheck = 1540;
				LastUpgradeCheck = 1540;
				TargetAttributes = {
					483B61C52C0799F3002A5F70 = {
						CreatedOnToolsVersion = 15.4;
					};
				};
			};
			buildConfigurationList = 483B61C12C0799F3002A5F70 /* Build configuration list for PBXProject "Proyecto AC" */;
			compatibilityVersion = "Xcode 14.0";
			developmentRegion = en;
			hasScannedForEncodings = 0;
			knownRegions = (
				en,
				Base,
			);
			mainGroup = 483B61BD2C0799F3002A5F70;
			productRefGroup = 483B61C72C0799F3002A5F70 /* Products */;
			projectDirPath = "";
			projectRoot = "";
			targets = (
				483B61C52C0799F3002A5F70 /* Proyecto AC */,
			);
		};
/* End PBXProject section */

/* Begin PBXResourcesBuildPhase section */
		483B61C42C0799F3002A5F70 /* Resources */ = {
			isa = PBXResourcesBuildPhase;
			buildActionMask = 2147483647;
			files = (
				485D1BFF2C3CC0BD004F6ABB /* Launch Screen.storyboard in Resources */,
				483B61D22C0799F6002A5F70 /* Preview Assets.xcassets in Resources */,
				483B61CE2C0799F6002A5F70 /* Assets.xcassets in Resources */,
			);
			runOnlyForDeploymentPostprocessing = 0;
		};
/* End PBXResourcesBuildPhase section */

/* Begin PBXSourcesBuildPhase section */
		483B61C22C0799F3002A5F70 /* Sources */ = {
			isa = PBXSourcesBuildPhase;
			buildActionMask = 2147483647;
			files = (
				48BEF2982C2C4A9E006E2177 /* LogViewModel.swift in Sources */,
				483B61DC2C079D02002A5F70 /* NetworkProtocols.swift in Sources */,
				48795BCC2C650CC600AC8EDD /* UserView.swift in Sources */,
				48BEF2942C2B9B0A006E2177 /* HomeVeiw.swift in Sources */,
				486C605F2C610C2900042D63 /* RegiesterView.swift in Sources */,
				483837A72C25DB5A00799F9F /* ThemesComponet.swift in Sources */,
				48CD10812C335CF7009F56F4 /* ExtesionHomeView.swift in Sources */,
				483B61D92C079C17002A5F70 /* NetworkHelper.swift in Sources */,
				48CD10842C355F64009F56F4 /* ListasSimples.swift in Sources */,
				481C2E902C48667300AD5814 /* SearcheView.swift in Sources */,
				48709FFC2C7BD9A00095DDCA /* AuthorListName.swift in Sources */,
				485AD71B2C1A856E00F36677 /* MangaComponet.swift in Sources */,
				48C113A82C5191C8008AADCE /* MangaListComponet.swift in Sources */,
				486C605B2C56FC0A00042D63 /* UserViewModel.swift in Sources */,
				485AD7172C1A5E0E00F36677 /* MangasViewModel.swift in Sources */,
				485D1C012C3F1B25004F6ABB /* SearcheAndFilterBar.swift in Sources */,
				485D1BFB2C3C72B4004F6ABB /* TabBar.swift in Sources */,
				485AD7142C1A58E300F36677 /* MangaModel.swift in Sources */,
				483B61CC2C0799F3002A5F70 /* ContentView.swift in Sources */,
				485D1BFD2C3C7DAB004F6ABB /* FavoritesVeiw.swift in Sources */,
				48BEF29A2C30B56B006E2177 /* Extensions.swift in Sources */,
				483B61CA2C0799F3002A5F70 /* Proyecto_ACApp.swift in Sources */,
				48BEF2962C2C4A89006E2177 /* LoginView.swift in Sources */,
				485AD7222C1D096400F36677 /* UserModel.swift in Sources */,
				48709FFE2C7BEEDC0095DDCA /* AccountView.swift in Sources */,
				483B61DE2C07A62C002A5F70 /* NetworkError.swift in Sources */,
			);
			runOnlyForDeploymentPostprocessing = 0;
		};
/* End PBXSourcesBuildPhase section */

/* Begin XCBuildConfiguration section */
		483B61D32C0799F6002A5F70 /* Debug */ = {
			isa = XCBuildConfiguration;
			buildSettings = {
				ALWAYS_SEARCH_USER_PATHS = NO;
				ASSETCATALOG_COMPILER_GENERATE_SWIFT_ASSET_SYMBOL_EXTENSIONS = YES;
				CLANG_ANALYZER_NONNULL = YES;
				CLANG_ANALYZER_NUMBER_OBJECT_CONVERSION = YES_AGGRESSIVE;
				CLANG_CXX_LANGUAGE_STANDARD = "gnu++20";
				CLANG_ENABLE_MODULES = YES;
				CLANG_ENABLE_OBJC_ARC = YES;
				CLANG_ENABLE_OBJC_WEAK = YES;
				CLANG_WARN_BLOCK_CAPTURE_AUTORELEASING = YES;
				CLANG_WARN_BOOL_CONVERSION = YES;
				CLANG_WARN_COMMA = YES;
				CLANG_WARN_CONSTANT_CONVERSION = YES;
				CLANG_WARN_DEPRECATED_OBJC_IMPLEMENTATIONS = YES;
				CLANG_WARN_DIRECT_OBJC_ISA_USAGE = YES_ERROR;
				CLANG_WARN_DOCUMENTATION_COMMENTS = YES;
				CLANG_WARN_EMPTY_BODY = YES;
				CLANG_WARN_ENUM_CONVERSION = YES;
				CLANG_WARN_INFINITE_RECURSION = YES;
				CLANG_WARN_INT_CONVERSION = YES;
				CLANG_WARN_NON_LITERAL_NULL_CONVERSION = YES;
				CLANG_WARN_OBJC_IMPLICIT_RETAIN_SELF = YES;
				CLANG_WARN_OBJC_LITERAL_CONVERSION = YES;
				CLANG_WARN_OBJC_ROOT_CLASS = YES_ERROR;
				CLANG_WARN_QUOTED_INCLUDE_IN_FRAMEWORK_HEADER = YES;
				CLANG_WARN_RANGE_LOOP_ANALYSIS = YES;
				CLANG_WARN_STRICT_PROTOTYPES = YES;
				CLANG_WARN_SUSPICIOUS_MOVE = YES;
				CLANG_WARN_UNGUARDED_AVAILABILITY = YES_AGGRESSIVE;
				CLANG_WARN_UNREACHABLE_CODE = YES;
				CLANG_WARN__DUPLICATE_METHOD_MATCH = YES;
				COPY_PHASE_STRIP = NO;
				DEBUG_INFORMATION_FORMAT = dwarf;
				ENABLE_STRICT_OBJC_MSGSEND = YES;
				ENABLE_TESTABILITY = YES;
				ENABLE_USER_SCRIPT_SANDBOXING = YES;
				GCC_C_LANGUAGE_STANDARD = gnu17;
				GCC_DYNAMIC_NO_PIC = NO;
				GCC_NO_COMMON_BLOCKS = YES;
				GCC_OPTIMIZATION_LEVEL = 0;
				GCC_PREPROCESSOR_DEFINITIONS = (
					"DEBUG=1",
					"$(inherited)",
				);
				GCC_WARN_64_TO_32_BIT_CONVERSION = YES;
				GCC_WARN_ABOUT_RETURN_TYPE = YES_ERROR;
				GCC_WARN_UNDECLARED_SELECTOR = YES;
				GCC_WARN_UNINITIALIZED_AUTOS = YES_AGGRESSIVE;
				GCC_WARN_UNUSED_FUNCTION = YES;
				GCC_WARN_UNUSED_VARIABLE = YES;
				LOCALIZATION_PREFERS_STRING_CATALOGS = YES;
				MTL_ENABLE_DEBUG_INFO = INCLUDE_SOURCE;
				MTL_FAST_MATH = YES;
				ONLY_ACTIVE_ARCH = YES;
				SWIFT_ACTIVE_COMPILATION_CONDITIONS = "DEBUG $(inherited)";
				SWIFT_OPTIMIZATION_LEVEL = "-Onone";
			};
			name = Debug;
		};
		483B61D42C0799F6002A5F70 /* Release */ = {
			isa = XCBuildConfiguration;
			buildSettings = {
				ALWAYS_SEARCH_USER_PATHS = NO;
				ASSETCATALOG_COMPILER_GENERATE_SWIFT_ASSET_SYMBOL_EXTENSIONS = YES;
				CLANG_ANALYZER_NONNULL = YES;
				CLANG_ANALYZER_NUMBER_OBJECT_CONVERSION = YES_AGGRESSIVE;
				CLANG_CXX_LANGUAGE_STANDARD = "gnu++20";
				CLANG_ENABLE_MODULES = YES;
				CLANG_ENABLE_OBJC_ARC = YES;
				CLANG_ENABLE_OBJC_WEAK = YES;
				CLANG_WARN_BLOCK_CAPTURE_AUTORELEASING = YES;
				CLANG_WARN_BOOL_CONVERSION = YES;
				CLANG_WARN_COMMA = YES;
				CLANG_WARN_CONSTANT_CONVERSION = YES;
				CLANG_WARN_DEPRECATED_OBJC_IMPLEMENTATIONS = YES;
				CLANG_WARN_DIRECT_OBJC_ISA_USAGE = YES_ERROR;
				CLANG_WARN_DOCUMENTATION_COMMENTS = YES;
				CLANG_WARN_EMPTY_BODY = YES;
				CLANG_WARN_ENUM_CONVERSION = YES;
				CLANG_WARN_INFINITE_RECURSION = YES;
				CLANG_WARN_INT_CONVERSION = YES;
				CLANG_WARN_NON_LITERAL_NULL_CONVERSION = YES;
				CLANG_WARN_OBJC_IMPLICIT_RETAIN_SELF = YES;
				CLANG_WARN_OBJC_LITERAL_CONVERSION = YES;
				CLANG_WARN_OBJC_ROOT_CLASS = YES_ERROR;
				CLANG_WARN_QUOTED_INCLUDE_IN_FRAMEWORK_HEADER = YES;
				CLANG_WARN_RANGE_LOOP_ANALYSIS = YES;
				CLANG_WARN_STRICT_PROTOTYPES = YES;
				CLANG_WARN_SUSPICIOUS_MOVE = YES;
				CLANG_WARN_UNGUARDED_AVAILABILITY = YES_AGGRESSIVE;
				CLANG_WARN_UNREACHABLE_CODE = YES;
				CLANG_WARN__DUPLICATE_METHOD_MATCH = YES;
				COPY_PHASE_STRIP = NO;
				DEBUG_INFORMATION_FORMAT = "dwarf-with-dsym";
				ENABLE_NS_ASSERTIONS = NO;
				ENABLE_STRICT_OBJC_MSGSEND = YES;
				ENABLE_USER_SCRIPT_SANDBOXING = YES;
				GCC_C_LANGUAGE_STANDARD = gnu17;
				GCC_NO_COMMON_BLOCKS = YES;
				GCC_WARN_64_TO_32_BIT_CONVERSION = YES;
				GCC_WARN_ABOUT_RETURN_TYPE = YES_ERROR;
				GCC_WARN_UNDECLARED_SELECTOR = YES;
				GCC_WARN_UNINITIALIZED_AUTOS = YES_AGGRESSIVE;
				GCC_WARN_UNUSED_FUNCTION = YES;
				GCC_WARN_UNUSED_VARIABLE = YES;
				LOCALIZATION_PREFERS_STRING_CATALOGS = YES;
				MTL_ENABLE_DEBUG_INFO = NO;
				MTL_FAST_MATH = YES;
				SWIFT_COMPILATION_MODE = wholemodule;
			};
			name = Release;
		};
		483B61D62C0799F6002A5F70 /* Debug */ = {
			isa = XCBuildConfiguration;
			buildSettings = {
				ASSETCATALOG_COMPILER_APPICON_NAME = AppIcon;
				ASSETCATALOG_COMPILER_GLOBAL_ACCENT_COLOR_NAME = AccentColor;
				ASSETCATALOG_COMPILER_INCLUDE_ALL_APPICON_ASSETS = YES;
				CODE_SIGN_ENTITLEMENTS = "Proyecto AC/Proyecto_AC.entitlements";
				CODE_SIGN_STYLE = Automatic;
				CURRENT_PROJECT_VERSION = 1;
				DEVELOPMENT_ASSET_PATHS = "\"Proyecto AC/Preview Content\"";
				DEVELOPMENT_TEAM = V895SM7VF4;
				ENABLE_HARDENED_RUNTIME = YES;
				ENABLE_PREVIEWS = YES;
				GENERATE_INFOPLIST_FILE = YES;
				"INFOPLIST_KEY_UIApplicationSceneManifest_Generation[sdk=iphoneos*]" = YES;
				"INFOPLIST_KEY_UIApplicationSceneManifest_Generation[sdk=iphonesimulator*]" = YES;
				"INFOPLIST_KEY_UIApplicationSupportsIndirectInputEvents[sdk=iphoneos*]" = YES;
				"INFOPLIST_KEY_UIApplicationSupportsIndirectInputEvents[sdk=iphonesimulator*]" = YES;
				"INFOPLIST_KEY_UILaunchScreen_Generation[sdk=iphoneos*]" = YES;
				"INFOPLIST_KEY_UILaunchScreen_Generation[sdk=iphonesimulator*]" = YES;
				INFOPLIST_KEY_UILaunchStoryboardName = "Launch Screen.storyboard";
				INFOPLIST_KEY_UIRequiresFullScreen = NO;
				INFOPLIST_KEY_UIStatusBarStyle = UIStatusBarStyleDarkContent;
				"INFOPLIST_KEY_UIStatusBarStyle[sdk=iphoneos*]" = UIStatusBarStyleDefault;
				"INFOPLIST_KEY_UIStatusBarStyle[sdk=iphonesimulator*]" = UIStatusBarStyleDefault;
				INFOPLIST_KEY_UISupportedInterfaceOrientations = UIInterfaceOrientationPortrait;
				INFOPLIST_KEY_UISupportedInterfaceOrientations_iPad = "UIInterfaceOrientationLandscapeLeft UIInterfaceOrientationLandscapeRight UIInterfaceOrientationPortrait UIInterfaceOrientationPortraitUpsideDown";
				IPHONEOS_DEPLOYMENT_TARGET = 17.0;
				LD_RUNPATH_SEARCH_PATHS = "@executable_path/Frameworks";
				"LD_RUNPATH_SEARCH_PATHS[sdk=macosx*]" = "@executable_path/../Frameworks";
				MACOSX_DEPLOYMENT_TARGET = 14.0;
				MARKETING_VERSION = 1.0;
				PRODUCT_BUNDLE_IDENTIFIER = "osasuSB.Proyecto-AC";
				PRODUCT_NAME = "$(TARGET_NAME)";
				SDKROOT = auto;
				SUPPORTED_PLATFORMS = "iphoneos iphonesimulator macosx";
				SUPPORTS_MACCATALYST = NO;
				SWIFT_EMIT_LOC_STRINGS = YES;
				SWIFT_VERSION = 5.0;
				TARGETED_DEVICE_FAMILY = "1,2";
			};
			name = Debug;
		};
		483B61D72C0799F6002A5F70 /* Release */ = {
			isa = XCBuildConfiguration;
			buildSettings = {
				ASSETCATALOG_COMPILER_APPICON_NAME = AppIcon;
				ASSETCATALOG_COMPILER_GLOBAL_ACCENT_COLOR_NAME = AccentColor;
				ASSETCATALOG_COMPILER_INCLUDE_ALL_APPICON_ASSETS = YES;
				CODE_SIGN_ENTITLEMENTS = "Proyecto AC/Proyecto ACRelease.entitlements";
				"CODE_SIGN_IDENTITY[sdk=macosx*]" = "-";
				CODE_SIGN_STYLE = Automatic;
				CURRENT_PROJECT_VERSION = 1;
				DEVELOPMENT_ASSET_PATHS = "\"Proyecto AC/Preview Content\"";
				DEVELOPMENT_TEAM = V895SM7VF4;
				ENABLE_HARDENED_RUNTIME = YES;
				ENABLE_PREVIEWS = YES;
				GENERATE_INFOPLIST_FILE = YES;
				"INFOPLIST_KEY_UIApplicationSceneManifest_Generation[sdk=iphoneos*]" = YES;
				"INFOPLIST_KEY_UIApplicationSceneManifest_Generation[sdk=iphonesimulator*]" = YES;
				"INFOPLIST_KEY_UIApplicationSupportsIndirectInputEvents[sdk=iphoneos*]" = YES;
				"INFOPLIST_KEY_UIApplicationSupportsIndirectInputEvents[sdk=iphonesimulator*]" = YES;
				"INFOPLIST_KEY_UILaunchScreen_Generation[sdk=iphoneos*]" = YES;
				"INFOPLIST_KEY_UILaunchScreen_Generation[sdk=iphonesimulator*]" = YES;
				INFOPLIST_KEY_UILaunchStoryboardName = "Launch Screen.storyboard";
				INFOPLIST_KEY_UIRequiresFullScreen = NO;
				INFOPLIST_KEY_UIStatusBarStyle = UIStatusBarStyleDarkContent;
				"INFOPLIST_KEY_UIStatusBarStyle[sdk=iphoneos*]" = UIStatusBarStyleDefault;
				"INFOPLIST_KEY_UIStatusBarStyle[sdk=iphonesimulator*]" = UIStatusBarStyleDefault;
				INFOPLIST_KEY_UISupportedInterfaceOrientations = UIInterfaceOrientationPortrait;
				INFOPLIST_KEY_UISupportedInterfaceOrientations_iPad = "UIInterfaceOrientationLandscapeLeft UIInterfaceOrientationLandscapeRight UIInterfaceOrientationPortrait UIInterfaceOrientationPortraitUpsideDown";
				IPHONEOS_DEPLOYMENT_TARGET = 17.0;
				LD_RUNPATH_SEARCH_PATHS = "@executable_path/Frameworks";
				"LD_RUNPATH_SEARCH_PATHS[sdk=macosx*]" = "@executable_path/../Frameworks";
				MACOSX_DEPLOYMENT_TARGET = 14.0;
				MARKETING_VERSION = 1.0;
				PRODUCT_BUNDLE_IDENTIFIER = "osasuSB.Proyecto-AC";
				PRODUCT_NAME = "$(TARGET_NAME)";
				SDKROOT = auto;
				SUPPORTED_PLATFORMS = "iphoneos iphonesimulator macosx";
				SUPPORTS_MACCATALYST = NO;
				SWIFT_EMIT_LOC_STRINGS = YES;
				SWIFT_VERSION = 5.0;
				TARGETED_DEVICE_FAMILY = "1,2";
			};
			name = Release;
		};
/* End XCBuildConfiguration section */

/* Begin XCConfigurationList section */
		483B61C12C0799F3002A5F70 /* Build configuration list for PBXProject "Proyecto AC" */ = {
			isa = XCConfigurationList;
			buildConfigurations = (
				483B61D32C0799F6002A5F70 /* Debug */,
				483B61D42C0799F6002A5F70 /* Release */,
			);
			defaultConfigurationIsVisible = 0;
			defaultConfigurationName = Release;
		};
		483B61D52C0799F6002A5F70 /* Build configuration list for PBXNativeTarget "Proyecto AC" */ = {
			isa = XCConfigurationList;
			buildConfigurations = (
				483B61D62C0799F6002A5F70 /* Debug */,
				483B61D72C0799F6002A5F70 /* Release */,
			);
			defaultConfigurationIsVisible = 0;
			defaultConfigurationName = Release;
		};
/* End XCConfigurationList section */
	};
	rootObject = 483B61BE2C0799F3002A5F70 /* Project object */;
}
